# THIS IS AN AUTOGENERATED FILE. DO NOT EDIT THIS FILE DIRECTLY.
# yarn lockfile v1


colormap@^2.3.2:
  version "2.3.2"
  resolved "https://registry.yarnpkg.com/colormap/-/colormap-2.3.2.tgz#4422c1178ce563806e265b96782737be85815abf"
  integrity sha512-jDOjaoEEmA9AgA11B/jCSAvYE95r3wRoAyTf3LEHGiUVlNHJaL1mRkf5AyLSpQBVGfTEPwGEqCIzL+kgr2WgNA==
  dependencies:
    lerp "^1.0.3"

lerp@^1.0.3:
  version "1.0.3"
  resolved "https://registry.yarnpkg.com/lerp/-/lerp-1.0.3.tgz#a18c8968f917896de15ccfcc28d55a6b731e776e"
  integrity sha512-70Rh4rCkJDvwWiTsyZ1HmJGvnyfFah4m6iTux29XmasRiZPDBpT9Cfa4ai73+uLZxnlKruUS62jj2lb11wURiA==
